PODS:
  - VoiceItApi2IosSDK (0.1)

DEPENDENCIES:
  - VoiceItApi2IosSDK (from `../`)

EXTERNAL SOURCES:
  VoiceItApi2IosSDK:
    :path: "../"

SPEC CHECKSUMS:
  VoiceItApi2IosSDK: 3c8f137efec63c469f062fc515bccfb8d0b8354d

PODFILE CHECKSUM: 711f19dda3cfd0870bbebf1d42f7cf742e098837

COCOAPODS: 1.2.0.beta.1
